// !$*UTF8*$!
{
	archiveVersion = 1;
	classes = {
	};
	objectVersion = 46;
	objects = {

/* Begin PBXBuildFile section */
		733A25FD1CF5559B001AABD8 /* Alerts.swift in Sources */ = {isa = PBXBuildFile; fileRef = 733A25FC1CF5559B001AABD8 /* Alerts.swift */; };
		CCA46E941CF1F9B300C79B94 /* Montserrat-Regular.otf in Resources */ = {isa = PBXBuildFile; fileRef = CCA46E931CF1F9AF00C79B94 /* Montserrat-Regular.otf */; };
		CCA46E981CF1F9E200C79B94 /* Main.storyboard in Resources */ = {isa = PBXBuildFile; fileRef = CCA46E971CF1F9E200C79B94 /* Main.storyboard */; };
		CCA46E9B1CF1FA9C00C79B94 /* icon.png in Resources */ = {isa = PBXBuildFile; fileRef = CCA46E991CF1FA9C00C79B94 /* icon.png */; };
		CCA46E9C1CF1FA9C00C79B94 /* second.png in Resources */ = {isa = PBXBuildFile; fileRef = CCA46E9A1CF1FA9C00C79B94 /* second.png */; };
		CCA46EA21CF2155200C79B94 /* Helpers.swift in Sources */ = {isa = PBXBuildFile; fileRef = CCA46EA11CF2155200C79B94 /* Helpers.swift */; };
		CCACA2A81CF16E7600F7638C /* AppDelegate.swift in Sources */ = {isa = PBXBuildFile; fileRef = CCACA2A71CF16E7600F7638C /* AppDelegate.swift */; };
		CCACA2AF1CF16E7600F7638C /* Assets.xcassets in Resources */ = {isa = PBXBuildFile; fileRef = CCACA2AE1CF16E7600F7638C /* Assets.xcassets */; };
		CCACA2B21CF16E7600F7638C /* LaunchScreen.storyboard in Resources */ = {isa = PBXBuildFile; fileRef = CCACA2B01CF16E7600F7638C /* LaunchScreen.storyboard */; };
		CCACA2BA1CF1749C00F7638C /* MCManager.swift in Sources */ = {isa = PBXBuildFile; fileRef = CCACA2B91CF1749C00F7638C /* MCManager.swift */; };
		CCACA2BC1CF18C2700F7638C /* ConnectionsViewController.swift in Sources */ = {isa = PBXBuildFile; fileRef = CCACA2BB1CF18C2700F7638C /* ConnectionsViewController.swift */; };
		CCACA2BE1CF19B2700F7638C /* FirstViewController.swift in Sources */ = {isa = PBXBuildFile; fileRef = CCACA2BD1CF19B2700F7638C /* FirstViewController.swift */; };
/* End PBXBuildFile section */

/* Begin PBXFileReference section */
		733A25FC1CF5559B001AABD8 /* Alerts.swift */ = {isa = PBXFileReference; fileEncoding = 4; lastKnownFileType = sourcecode.swift; path = Alerts.swift; sourceTree = "<group>"; };
		CCA46E931CF1F9AF00C79B94 /* Montserrat-Regular.otf */ = {isa = PBXFileReference; lastKnownFileType = file; path = "Montserrat-Regular.otf"; sourceTree = "<group>"; };
		CCA46E971CF1F9E200C79B94 /* Main.storyboard */ = {isa = PBXFileReference; fileEncoding = 4; lastKnownFileType = file.storyboard; path = Main.storyboard; sourceTree = "<group>"; };
		CCA46E991CF1FA9C00C79B94 /* icon.png */ = {isa = PBXFileReference; lastKnownFileType = image.png; path = icon.png; sourceTree = "<group>"; };
		CCA46E9A1CF1FA9C00C79B94 /* second.png */ = {isa = PBXFileReference; lastKnownFileType = image.png; path = second.png; sourceTree = "<group>"; };
		CCA46EA11CF2155200C79B94 /* Helpers.swift */ = {isa = PBXFileReference; fileEncoding = 4; lastKnownFileType = sourcecode.swift; path = Helpers.swift; sourceTree = "<group>"; };
		CCACA2A41CF16E7600F7638C /* bt-messages.app */ = {isa = PBXFileReference; explicitFileType = wrapper.application; includeInIndex = 0; path = "bt-messages.app"; sourceTree = BUILT_PRODUCTS_DIR; };
		CCACA2A71CF16E7600F7638C /* AppDelegate.swift */ = {isa = PBXFileReference; lastKnownFileType = sourcecode.swift; path = AppDelegate.swift; sourceTree = "<group>"; };
		CCACA2AE1CF16E7600F7638C /* Assets.xcassets */ = {isa = PBXFileReference; lastKnownFileType = folder.assetcatalog; path = Assets.xcassets; sourceTree = "<group>"; };
		CCACA2B11CF16E7600F7638C /* Base */ = {isa = PBXFileReference; lastKnownFileType = file.storyboard; name = Base; path = Base.lproj/LaunchScreen.storyboard; sourceTree = "<group>"; };
		CCACA2B31CF16E7600F7638C /* Info.plist */ = {isa = PBXFileReference; lastKnownFileType = text.plist.xml; path = Info.plist; sourceTree = "<group>"; };
		CCACA2B91CF1749C00F7638C /* MCManager.swift */ = {isa = PBXFileReference; fileEncoding = 4; lastKnownFileType = sourcecode.swift; path = MCManager.swift; sourceTree = "<group>"; };
		CCACA2BB1CF18C2700F7638C /* ConnectionsViewController.swift */ = {isa = PBXFileReference; fileEncoding = 4; lastKnownFileType = sourcecode.swift; path = ConnectionsViewController.swift; sourceTree = "<group>"; };
		CCACA2BD1CF19B2700F7638C /* FirstViewController.swift */ = {isa = PBXFileReference; fileEncoding = 4; lastKnownFileType = sourcecode.swift; path = FirstViewController.swift; sourceTree = "<group>"; };
/* End PBXFileReference section */

/* Begin PBXFrameworksBuildPhase section */
		CCACA2A11CF16E7600F7638C /* Frameworks */ = {
			isa = PBXFrameworksBuildPhase;
			buildActionMask = 2147483647;
			files = (
			);
			runOnlyForDeploymentPostprocessing = 0;
		};
/* End PBXFrameworksBuildPhase section */

/* Begin PBXGroup section */
		CC964E8C1CF3FC2300855171 /* Supporting Files */ = {
			isa = PBXGroup;
			children = (
				CCACA2B01CF16E7600F7638C /* LaunchScreen.storyboard */,
				CCACA2B31CF16E7600F7638C /* Info.plist */,
				CCA46E931CF1F9AF00C79B94 /* Montserrat-Regular.otf */,
				CCA46E991CF1FA9C00C79B94 /* icon.png */,
				CCA46E9A1CF1FA9C00C79B94 /* second.png */,
			);
			name = "Supporting Files";
			sourceTree = "<group>";
		};
		CCACA29B1CF16E7600F7638C = {
			isa = PBXGroup;
			children = (
				CCACA2A61CF16E7600F7638C /* bt-messages */,
				CCACA2A51CF16E7600F7638C /* Products */,
			);
			sourceTree = "<group>";
		};
		CCACA2A51CF16E7600F7638C /* Products */ = {
			isa = PBXGroup;
			children = (
				CCACA2A41CF16E7600F7638C /* bt-messages.app */,
			);
			name = Products;
			sourceTree = "<group>";
		};
		CCACA2A61CF16E7600F7638C /* bt-messages */ = {
			isa = PBXGroup;
			children = (
				CCA46E971CF1F9E200C79B94 /* Main.storyboard */,
				CCACA2A71CF16E7600F7638C /* AppDelegate.swift */,
				CCACA2BB1CF18C2700F7638C /* ConnectionsViewController.swift */,
				CCACA2AE1CF16E7600F7638C /* Assets.xcassets */,
				CCACA2B91CF1749C00F7638C /* MCManager.swift */,
				CCACA2BD1CF19B2700F7638C /* FirstViewController.swift */,
				CCA46EA11CF2155200C79B94 /* Helpers.swift */,
				CC964E8C1CF3FC2300855171 /* Supporting Files */,
				733A25FC1CF5559B001AABD8 /* Alerts.swift */,
			);
			path = "bt-messages";
			sourceTree = "<group>";
		};
/* End PBXGroup section */

/* Begin PBXNativeTarget section */
		CCACA2A31CF16E7600F7638C /* bt-messages */ = {
			isa = PBXNativeTarget;
			buildConfigurationList = CCACA2B61CF16E7600F7638C /* Build configuration list for PBXNativeTarget "bt-messages" */;
			buildPhases = (
				CCACA2A01CF16E7600F7638C /* Sources */,
				CCACA2A11CF16E7600F7638C /* Frameworks */,
				CCACA2A21CF16E7600F7638C /* Resources */,
			);
			buildRules = (
			);
			dependencies = (
			);
			name = "bt-messages";
			productName = "bt-messages";
			productReference = CCACA2A41CF16E7600F7638C /* bt-messages.app */;
			productType = "com.apple.product-type.application";
		};
/* End PBXNativeTarget section */

/* Begin PBXProject section */
		CCACA29C1CF16E7600F7638C /* Project object */ = {
			isa = PBXProject;
			attributes = {
				LastSwiftUpdateCheck = 0730;
				LastUpgradeCheck = 0730;
				ORGANIZATIONNAME = "Team Auxiliary";
				TargetAttributes = {
					CCACA2A31CF16E7600F7638C = {
						CreatedOnToolsVersion = 7.3.1;
					};
				};
			};
			buildConfigurationList = CCACA29F1CF16E7600F7638C /* Build configuration list for PBXProject "bt-messages" */;
			compatibilityVersion = "Xcode 3.2";
			developmentRegion = English;
			hasScannedForEncodings = 0;
			knownRegions = (
				en,
				Base,
			);
			mainGroup = CCACA29B1CF16E7600F7638C;
			productRefGroup = CCACA2A51CF16E7600F7638C /* Products */;
			projectDirPath = "";
			projectRoot = "";
			targets = (
				CCACA2A31CF16E7600F7638C /* bt-messages */,
			);
		};
/* End PBXProject section */

/* Begin PBXResourcesBuildPhase section */
		CCACA2A21CF16E7600F7638C /* Resources */ = {
			isa = PBXResourcesBuildPhase;
			buildActionMask = 2147483647;
			files = (
				CCACA2B21CF16E7600F7638C /* LaunchScreen.storyboard in Resources */,
				CCA46E9B1CF1FA9C00C79B94 /* icon.png in Resources */,
				CCACA2AF1CF16E7600F7638C /* Assets.xcassets in Resources */,
				CCA46E981CF1F9E200C79B94 /* Main.storyboard in Resources */,
				CCA46E941CF1F9B300C79B94 /* Montserrat-Regular.otf in Resources */,
				CCA46E9C1CF1FA9C00C79B94 /* second.png in Resources */,
			);
			runOnlyForDeploymentPostprocessing = 0;
		};
/* End PBXResourcesBuildPhase section */

/* Begin PBXSourcesBuildPhase section */
		CCACA2A01CF16E7600F7638C /* Sources */ = {
			isa = PBXSourcesBuildPhase;
			buildActionMask = 2147483647;
			files = (
				CCACA2BC1CF18C2700F7638C /* ConnectionsViewController.swift in Sources */,
				CCA46EA21CF2155200C79B94 /* Helpers.swift in Sources */,
				CCACA2A81CF16E7600F7638C /* AppDelegate.swift in Sources */,
				CCACA2BA1CF1749C00F7638C /* MCManager.swift in Sources */,
				733A25FD1CF5559B001AABD8 /* Alerts.swift in Sources */,
				CCACA2BE1CF19B2700F7638C /* FirstViewController.swift in Sources */,
			);
			runOnlyForDeploymentPostprocessing = 0;
		};
/* End PBXSourcesBuildPhase section */

/* Begin PBXVariantGroup section */
		CCACA2B01CF16E7600F7638C /* LaunchScreen.storyboard */ = {
			isa = PBXVariantGroup;
			children = (
				CCACA2B11CF16E7600F7638C /* Base */,
			);
			name = LaunchScreen.storyboard;
			sourceTree = "<group>";
		};
/* End PBXVariantGroup section */

/* Begin XCBuildConfiguration section */
		CCACA2B41CF16E7600F7638C /* Debug */ = {
			isa = XCBuildConfiguration;
			buildSettings = {
				ALWAYS_SEARCH_USER_PATHS = NO;
				CLANG_ANALYZER_NONNULL = YES;
				CLANG_CXX_LANGUAGE_STANDARD = "gnu++0x";
				CLANG_CXX_LIBRARY = "libc++";
				CLANG_ENABLE_MODULES = YES;
				CLANG_ENABLE_OBJC_ARC = YES;
				CLANG_WARN_BOOL_CONVERSION = YES;
				CLANG_WARN_CONSTANT_CONVERSION = YES;
				CLANG_WARN_DIRECT_OBJC_ISA_USAGE = YES_ERROR;
				CLANG_WARN_EMPTY_BODY = YES;
				CLANG_WARN_ENUM_CONVERSION = YES;
				CLANG_WARN_INT_CONVERSION = YES;
				CLANG_WARN_OBJC_ROOT_CLASS = YES_ERROR;
				CLANG_WARN_UNREACHABLE_CODE = YES;
				CLANG_WARN__DUPLICATE_METHOD_MATCH = YES;
				"CODE_SIGN_IDENTITY[sdk=iphoneos*]" = "iPhone Developer";
				COPY_PHASE_STRIP = NO;
				DEBUG_INFORMATION_FORMAT = dwarf;
				ENABLE_STRICT_OBJC_MSGSEND = YES;
				ENABLE_TESTABILITY = YES;
				GCC_C_LANGUAGE_STANDARD = gnu99;
				GCC_DYNAMIC_NO_PIC = NO;
				GCC_NO_COMMON_BLOCKS = YES;
				GCC_OPTIMIZATION_LEVEL = 0;
				GCC_PREPROCESSOR_DEFINITIONS = (
					"DEBUG=1",
					"$(inherited)",
				);
				GCC_WARN_64_TO_32_BIT_CONVERSION = YES;
				GCC_WARN_ABOUT_RETURN_TYPE = YES_ERROR;
				GCC_WARN_UNDECLARED_SELECTOR = YES;
				GCC_WARN_UNINITIALIZED_AUTOS = YES_AGGRESSIVE;
				GCC_WARN_UNUSED_FUNCTION = YES;
				GCC_WARN_UNUSED_VARIABLE = YES;
				IPHONEOS_DEPLOYMENT_TARGET = 9.3;
				MTL_ENABLE_DEBUG_INFO = YES;
				ONLY_ACTIVE_ARCH = YES;
				SDKROOT = iphoneos;
				SWIFT_OPTIMIZATION_LEVEL = "-Onone";
			};
			name = Debug;
		};
		CCACA2B51CF16E7600F7638C /* Release */ = {
			isa = XCBuildConfiguration;
			buildSettings = {
				ALWAYS_SEARCH_USER_PATHS = NO;
				CLANG_ANALYZER_NONNULL = YES;
				CLANG_CXX_LANGUAGE_STANDARD = "gnu++0x";
				CLANG_CXX_LIBRARY = "libc++";
				CLANG_ENABLE_MODULES = YES;
				CLANG_ENABLE_OBJC_ARC = YES;
				CLANG_WARN_BOOL_CONVERSION = YES;
				CLANG_WARN_CONSTANT_CONVERSION = YES;
				CLANG_WARN_DIRECT_OBJC_ISA_USAGE = YES_ERROR;
				CLANG_WARN_EMPTY_BODY = YES;
				CLANG_WARN_ENUM_CONVERSION = YES;
				CLANG_WARN_INT_CONVERSION = YES;
				CLANG_WARN_OBJC_ROOT_CLASS = YES_ERROR;
				CLANG_WARN_UNREACHABLE_CODE = YES;
				CLANG_WARN__DUPLICATE_METHOD_MATCH = YES;
				"CODE_SIGN_IDENTITY[sdk=iphoneos*]" = "iPhone Developer";
				COPY_PHASE_STRIP = NO;
				DEBUG_INFORMATION_FORMAT = "dwarf-with-dsym";
				ENABLE_NS_ASSERTIONS = NO;
				ENABLE_STRICT_OBJC_MSGSEND = YES;
				GCC_C_LANGUAGE_STANDARD = gnu99;
				GCC_NO_COMMON_BLOCKS = YES;
				GCC_WARN_64_TO_32_BIT_CONVERSION = YES;
				GCC_WARN_ABOUT_RETURN_TYPE = YES_ERROR;
				GCC_WARN_UNDECLARED_SELECTOR = YES;
				GCC_WARN_UNINITIALIZED_AUTOS = YES_AGGRESSIVE;
				GCC_WARN_UNUSED_FUNCTION = YES;
				GCC_WARN_UNUSED_VARIABLE = YES;
				IPHONEOS_DEPLOYMENT_TARGET = 9.3;
				MTL_ENABLE_DEBUG_INFO = NO;
				SDKROOT = iphoneos;
				VALIDATE_PRODUCT = YES;
			};
			name = Release;
		};
		CCACA2B71CF16E7600F7638C /* Debug */ = {
			isa = XCBuildConfiguration;
			buildSettings = {
				ASSETCATALOG_COMPILER_APPICON_NAME = "AppIcon-2";
				CODE_SIGN_IDENTITY = "iPhone Developer";
				"CODE_SIGN_IDENTITY[sdk=iphoneos*]" = "iPhone Developer";
				INFOPLIST_FILE = "bt-messages/Info.plist";
				IPHONEOS_DEPLOYMENT_TARGET = 9.0;
				LD_RUNPATH_SEARCH_PATHS = "$(inherited) @executable_path/Frameworks";
				PRODUCT_BUNDLE_IDENTIFIER = "teamauxiliary.bt-messages";
				PRODUCT_NAME = "$(TARGET_NAME)";
				PROVISIONING_PROFILE = "";
			};
			name = Debug;
		};
		CCACA2B81CF16E7600F7638C /* Release */ = {
			isa = XCBuildConfiguration;
			buildSettings = {
				ASSETCATALOG_COMPILER_APPICON_NAME = "AppIcon-2";
				CODE_SIGN_IDENTITY = "iPhone Developer";
				"CODE_SIGN_IDENTITY[sdk=iphoneos*]" = "iPhone Developer";
				INFOPLIST_FILE = "bt-messages/Info.plist";
				IPHONEOS_DEPLOYMENT_TARGET = 9.0;
				LD_RUNPATH_SEARCH_PATHS = "$(inherited) @executable_path/Frameworks";
				PRODUCT_BUNDLE_IDENTIFIER = "teamauxiliary.bt-messages";
				PRODUCT_NAME = "$(TARGET_NAME)";
				PROVISIONING_PROFILE = "";
			};
			name = Release;
		};
/* End XCBuildConfiguration section */

/* Begin XCConfigurationList section */
		CCACA29F1CF16E7600F7638C /* Build configuration list for PBXProject "bt-messages" */ = {
			isa = XCConfigurationList;
			buildConfigurations = (
				CCACA2B41CF16E7600F7638C /* Debug */,
				CCACA2B51CF16E7600F7638C /* Release */,
			);
			defaultConfigurationIsVisible = 0;
			defaultConfigurationName = Release;
		};
		CCACA2B61CF16E7600F7638C /* Build configuration list for PBXNativeTarget "bt-messages" */ = {
			isa = XCConfigurationList;
			buildConfigurations = (
				CCACA2B71CF16E7600F7638C /* Debug */,
				CCACA2B81CF16E7600F7638C /* Release */,
			);
			defaultConfigurationIsVisible = 0;
			defaultConfigurationName = Release;
		};
/* End XCConfigurationList section */
	};
	rootObject = CCACA29C1CF16E7600F7638C /* Project object */;
}
